
Microsoft Visual Studio Solution File, Format Version 12.00
# Visual Studio Version 16
VisualStudioVersion = 16.0.31019.35
MinimumVisualStudioVersion = 10.0.40219.1
Project("{2150E333-8FDC-42A3-9474-1A3956D46DE8}") = "src", "src", "{671A6FC9-A518-49C6-AF73-D78CEE014CF1}"
EndProject
Project("{2150E333-8FDC-42A3-9474-1A3956D46DE8}") = "Scripts", "Scripts", "{CCA1AD13-4F78-417F-9270-A080C7DA1D96}"
	ProjectSection(SolutionItems) = preProject
		Directory.Build.props = Directory.Build.props
		Net_Basic_Mentoring.ruleset = Net_Basic_Mentoring.ruleset
		stylecop.json = stylecop.json
	EndProjectSection
EndProject
Project("{2150E333-8FDC-42A3-9474-1A3956D46DE8}") = "Module1", "Module1", "{D10249D4-6338-449D-B3B6-309115555E63}"
EndProject
Project("{9A19103F-16F7-4668-BE54-9A1E7A4F7556}") = "ConsoleApp", "src\Module1\ConsoleApp\ConsoleApp.csproj", "{B511F724-4279-4464-A0B5-7BCB036B1274}"
EndProject
Project("{9A19103F-16F7-4668-BE54-9A1E7A4F7556}") = "LibraryStandard", "src\Module1\LibraryStandart\LibraryStandard.csproj", "{BA421F9F-27CA-4026-A81E-A35B9D24064E}"
EndProject
Project("{2150E333-8FDC-42A3-9474-1A3956D46DE8}") = "Module2", "Module2", "{6BC43712-5903-47E9-9A0A-7EEE96D504CB}"
EndProject
Project("{9A19103F-16F7-4668-BE54-9A1E7A4F7556}") = "Task1", "src\Module2\DebuggingFundamentals\Task1\Task1.csproj", "{4C8E9ED3-9086-44EF-ABC1-41E4D3C5914C}"
EndProject
Project("{2150E333-8FDC-42A3-9474-1A3956D46DE8}") = "tests", "tests", "{54764FBE-F99C-4BFF-8EA1-350F80BE8854}"
EndProject
Project("{2150E333-8FDC-42A3-9474-1A3956D46DE8}") = "Module2", "Module2", "{278A7C5F-95C3-45B4-B1F0-BA99B7A9588B}"
EndProject
Project("{9A19103F-16F7-4668-BE54-9A1E7A4F7556}") = "FileSystemVisitor.Console", "src\Module3\FileSystemVisitor.Console\FileSystemVisitor.Console.csproj", "{2D21F53E-42D2-4AF9-98DF-41B9609B1ED1}"
EndProject
Project("{9A19103F-16F7-4668-BE54-9A1E7A4F7556}") = "FileSystemVisitor.Library", "src\Module3\FileSystemVisitor.Library\FileSystemVisitor.Library\FileSystemVisitor.Library.csproj", "{B858B676-EB00-462F-BA4B-D7536213110E}"
EndProject
Project("{9A19103F-16F7-4668-BE54-9A1E7A4F7556}") = "Task1.Tests", "tests\Module2\Task1.Tests\Task1.Tests.csproj", "{5F2B9F8A-24F8-4F1D-8F14-31E99BB96008}"
EndProject
Project("{FAE04EC0-301F-11D3-BF4B-00C04F79EFBC}") = "WindowsFormsApp", "src\Module1\WindowsFormsApp\WindowsFormsApp.csproj", "{C2615CCD-1EA5-4F12-903D-E4126DE3CEA8}"
EndProject
Project("{2150E333-8FDC-42A3-9474-1A3956D46DE8}") = "Module3", "Module3", "{BDAD7014-83BA-43D5-9271-E1B3673B4E8B}"
EndProject
Project("{2150E333-8FDC-42A3-9474-1A3956D46DE8}") = "Module4", "Module4", "{088B0183-8871-4502-9AAB-DAFD1827E517}"
EndProject
Project("{2150E333-8FDC-42A3-9474-1A3956D46DE8}") = "Module4", "Module4", "{454BA287-26E1-4E6C-B045-0969FB2215EE}"
EndProject
Project("{9A19103F-16F7-4668-BE54-9A1E7A4F7556}") = "Task1", "src\Module4\Task1\Task1.csproj", "{97979092-592B-465C-8327-80E09B091BC4}"
EndProject
Project("{9A19103F-16F7-4668-BE54-9A1E7A4F7556}") = "Task2", "src\Module4\Task2\Task2.csproj", "{DB6F1627-7B53-4041-B750-17126F8829C6}"
EndProject
Project("{9A19103F-16F7-4668-BE54-9A1E7A4F7556}") = "Task3", "src\Module4\Task3\Task3.csproj", "{60F514B4-FBB3-48FF-AD27-A65171E67C72}"
EndProject
Project("{9A19103F-16F7-4668-BE54-9A1E7A4F7556}") = "Task2.Tests", "tests\Module4\Task2.Tests\Task2.Tests.csproj", "{A3F9B268-159E-431C-B0C1-4B8EE3B3767B}"
EndProject
Project("{9A19103F-16F7-4668-BE54-9A1E7A4F7556}") = "Task3.Tests", "tests\Module4\Task3.Tests\Task3.Tests.csproj", "{26BE2007-0AF4-436A-9945-11AB3CEA6F9C}"
EndProject
Project("{2150E333-8FDC-42A3-9474-1A3956D46DE8}") = "Module3", "Module3", "{0EAC19A7-9C17-41B8-BE3F-F0EE541BD013}"
EndProject
Project("{9A19103F-16F7-4668-BE54-9A1E7A4F7556}") = "FileSystemVisitor.Tests", "tests\Module3\FileSystemValidatorTests\FileSystemVisitor.Tests.csproj", "{B35C6AB2-FC25-4F6A-BEAB-4E5180C47966}"
EndProject
Project("{2150E333-8FDC-42A3-9474-1A3956D46DE8}") = "Module5", "Module5", "{799A852D-99A6-4D63-8543-29CBF0E9E076}"
EndProject
Project("{2150E333-8FDC-42A3-9474-1A3956D46DE8}") = "Module5", "Module5", "{65B10604-82E9-4366-A844-113F08EE0C9E}"
EndProject
Project("{9A19103F-16F7-4668-BE54-9A1E7A4F7556}") = "Task1", "src\Module5\Task1\Task1.csproj", "{3EA8D42A-3B35-4046-BA48-08FEA1B7D7B1}"
EndProject
Project("{9A19103F-16F7-4668-BE54-9A1E7A4F7556}") = "Task1.Tests", "tests\Module5\Task1.Tests\Task1.Tests.csproj", "{B66F5B08-A939-43E7-BA1A-8DC7E5E1CA2B}"
EndProject
Project("{2150E333-8FDC-42A3-9474-1A3956D46DE8}") = "Module6", "Module6", "{DA79512A-1445-441D-8FA0-BF6776A25831}"
EndProject
Project("{2150E333-8FDC-42A3-9474-1A3956D46DE8}") = "Module6", "Module6", "{1F859F97-13E9-4E8B-878C-5E4A6D6D26B3}"
EndProject
Project("{9A19103F-16F7-4668-BE54-9A1E7A4F7556}") = "Task1", "src\Module6\Reflection\Task1\Task1.csproj", "{39FBF384-BAEE-4091-8CD9-2440C59BB33E}"
EndProject
Project("{9A19103F-16F7-4668-BE54-9A1E7A4F7556}") = "Task2", "src\Module6\Reflection\Task2\Task2.csproj", "{FC565175-2E26-471C-9305-6262A5BBCFBC}"
EndProject
Project("{9A19103F-16F7-4668-BE54-9A1E7A4F7556}") = "Task1.Tests", "tests\Module6\Task1.Tests\Task1.Tests.csproj", "{5CF7644C-58A5-4644-80B0-30C53FA72F1D}"
EndProject
Project("{9A19103F-16F7-4668-BE54-9A1E7A4F7556}") = "Task2.Tests", "tests\Module6\Task2.Tests\Task2.Tests.csproj", "{78368BA0-64B6-481A-9DFE-B8FFAF40CAA5}"
EndProject
Project("{2150E333-8FDC-42A3-9474-1A3956D46DE8}") = "Module7", "Module7", "{5D23B560-DDF0-43A3-99EA-73A0C4B908A9}"
EndProject
Project("{2150E333-8FDC-42A3-9474-1A3956D46DE8}") = "Module7", "Module7", "{5843979F-0377-4AFD-8496-874CF4BFF91F}"
EndProject
Project("{2150E333-8FDC-42A3-9474-1A3956D46DE8}") = "Module8", "Module8", "{5B063093-0B0B-4374-A09B-6A756854AA1C}"
EndProject
Project("{9A19103F-16F7-4668-BE54-9A1E7A4F7556}") = "Katas.Tests", "tests\Module8\Katas.Test\Katas.Tests.csproj", "{6DD9CF33-6A11-4613-8827-43630AA7539F}"
EndProject
Project("{2150E333-8FDC-42A3-9474-1A3956D46DE8}") = "Module8", "Module8", "{84AAAED4-0322-484C-B10C-56483F591271}"
EndProject
Project("{9A19103F-16F7-4668-BE54-9A1E7A4F7556}") = "Katas", "src\Module8\Katas\Katas.csproj", "{A6B80A7F-E8AA-4FC9-9D51-6A945D8548D2}"
EndProject
Project("{9A19103F-16F7-4668-BE54-9A1E7A4F7556}") = "Tasks", "src\Module7\Tasks\Tasks.csproj", "{A99BABDA-0EC7-4E3B-8344-44A59C8BC5B6}"
EndProject
Project("{9A19103F-16F7-4668-BE54-9A1E7A4F7556}") = "Tasks.Tests", "tests\Module7\Tasks.Tests\Tasks.Tests.csproj", "{B4CEC5FE-F50C-4407-B0C4-A35FA95BAF33}"
EndProject
Project("{2150E333-8FDC-42A3-9474-1A3956D46DE8}") = "Module9", "Module9", "{F71076B6-559F-4D83-9E9D-CC5608E01E5B}"
EndProject
Project("{2150E333-8FDC-42A3-9474-1A3956D46DE8}") = "Module9", "Module9", "{DB10F5EC-197C-465E-A7F8-31110EEFA479}"
EndProject
Project("{9A19103F-16F7-4668-BE54-9A1E7A4F7556}") = "BrainstormSessions", "src\Module9\BrainstormSessions\BrainstormSessions.csproj", "{FDAB27FE-A9A3-4DF8-B7A4-C8A305850D7A}"
EndProject
Project("{9A19103F-16F7-4668-BE54-9A1E7A4F7556}") = "BrainstormSessions.Test", "tests\Module9\BrainstormSessions.Test\BrainstormSessions.Test.csproj", "{6D48E343-E70C-4A60-8459-1F26AA726384}"
EndProject
Project("{FAE04EC0-301F-11D3-BF4B-00C04F79EFBC}") = "SMTPService", "SMTPService\SMTPService.csproj", "{9B98BAFC-521F-4F04-BC58-A552BDA4B9A2}"
EndProject
Global
	GlobalSection(SolutionConfigurationPlatforms) = preSolution
		Debug|Any CPU = Debug|Any CPU
		Release|Any CPU = Release|Any CPU
	EndGlobalSection
	GlobalSection(ProjectConfigurationPlatforms) = postSolution
		{B511F724-4279-4464-A0B5-7BCB036B1274}.Debug|Any CPU.ActiveCfg = Debug|Any CPU
		{B511F724-4279-4464-A0B5-7BCB036B1274}.Debug|Any CPU.Build.0 = Debug|Any CPU
		{B511F724-4279-4464-A0B5-7BCB036B1274}.Release|Any CPU.ActiveCfg = Release|Any CPU
		{B511F724-4279-4464-A0B5-7BCB036B1274}.Release|Any CPU.Build.0 = Release|Any CPU
		{BA421F9F-27CA-4026-A81E-A35B9D24064E}.Debug|Any CPU.ActiveCfg = Debug|Any CPU
		{BA421F9F-27CA-4026-A81E-A35B9D24064E}.Debug|Any CPU.Build.0 = Debug|Any CPU
		{BA421F9F-27CA-4026-A81E-A35B9D24064E}.Release|Any CPU.ActiveCfg = Release|Any CPU
		{BA421F9F-27CA-4026-A81E-A35B9D24064E}.Release|Any CPU.Build.0 = Release|Any CPU
		{4C8E9ED3-9086-44EF-ABC1-41E4D3C5914C}.Debug|Any CPU.ActiveCfg = Debug|Any CPU
		{4C8E9ED3-9086-44EF-ABC1-41E4D3C5914C}.Debug|Any CPU.Build.0 = Debug|Any CPU
		{4C8E9ED3-9086-44EF-ABC1-41E4D3C5914C}.Release|Any CPU.ActiveCfg = Release|Any CPU
		{4C8E9ED3-9086-44EF-ABC1-41E4D3C5914C}.Release|Any CPU.Build.0 = Release|Any CPU
		{2D21F53E-42D2-4AF9-98DF-41B9609B1ED1}.Debug|Any CPU.ActiveCfg = Debug|Any CPU
		{2D21F53E-42D2-4AF9-98DF-41B9609B1ED1}.Debug|Any CPU.Build.0 = Debug|Any CPU
		{2D21F53E-42D2-4AF9-98DF-41B9609B1ED1}.Release|Any CPU.ActiveCfg = Release|Any CPU
		{2D21F53E-42D2-4AF9-98DF-41B9609B1ED1}.Release|Any CPU.Build.0 = Release|Any CPU
		{B858B676-EB00-462F-BA4B-D7536213110E}.Debug|Any CPU.ActiveCfg = Debug|Any CPU
		{B858B676-EB00-462F-BA4B-D7536213110E}.Debug|Any CPU.Build.0 = Debug|Any CPU
		{B858B676-EB00-462F-BA4B-D7536213110E}.Release|Any CPU.ActiveCfg = Release|Any CPU
		{B858B676-EB00-462F-BA4B-D7536213110E}.Release|Any CPU.Build.0 = Release|Any CPU
		{5F2B9F8A-24F8-4F1D-8F14-31E99BB96008}.Debug|Any CPU.ActiveCfg = Debug|Any CPU
		{5F2B9F8A-24F8-4F1D-8F14-31E99BB96008}.Debug|Any CPU.Build.0 = Debug|Any CPU
		{5F2B9F8A-24F8-4F1D-8F14-31E99BB96008}.Release|Any CPU.ActiveCfg = Release|Any CPU
		{5F2B9F8A-24F8-4F1D-8F14-31E99BB96008}.Release|Any CPU.Build.0 = Release|Any CPU
		{C2615CCD-1EA5-4F12-903D-E4126DE3CEA8}.Debug|Any CPU.ActiveCfg = Debug|Any CPU
		{C2615CCD-1EA5-4F12-903D-E4126DE3CEA8}.Debug|Any CPU.Build.0 = Debug|Any CPU
		{C2615CCD-1EA5-4F12-903D-E4126DE3CEA8}.Release|Any CPU.ActiveCfg = Release|Any CPU
		{C2615CCD-1EA5-4F12-903D-E4126DE3CEA8}.Release|Any CPU.Build.0 = Release|Any CPU
		{97979092-592B-465C-8327-80E09B091BC4}.Debug|Any CPU.ActiveCfg = Debug|Any CPU
		{97979092-592B-465C-8327-80E09B091BC4}.Debug|Any CPU.Build.0 = Debug|Any CPU
		{97979092-592B-465C-8327-80E09B091BC4}.Release|Any CPU.ActiveCfg = Release|Any CPU
		{97979092-592B-465C-8327-80E09B091BC4}.Release|Any CPU.Build.0 = Release|Any CPU
		{DB6F1627-7B53-4041-B750-17126F8829C6}.Debug|Any CPU.ActiveCfg = Debug|Any CPU
		{DB6F1627-7B53-4041-B750-17126F8829C6}.Debug|Any CPU.Build.0 = Debug|Any CPU
		{DB6F1627-7B53-4041-B750-17126F8829C6}.Release|Any CPU.ActiveCfg = Release|Any CPU
		{DB6F1627-7B53-4041-B750-17126F8829C6}.Release|Any CPU.Build.0 = Release|Any CPU
		{60F514B4-FBB3-48FF-AD27-A65171E67C72}.Debug|Any CPU.ActiveCfg = Debug|Any CPU
		{60F514B4-FBB3-48FF-AD27-A65171E67C72}.Debug|Any CPU.Build.0 = Debug|Any CPU
		{60F514B4-FBB3-48FF-AD27-A65171E67C72}.Release|Any CPU.ActiveCfg = Release|Any CPU
		{60F514B4-FBB3-48FF-AD27-A65171E67C72}.Release|Any CPU.Build.0 = Release|Any CPU
		{A3F9B268-159E-431C-B0C1-4B8EE3B3767B}.Debug|Any CPU.ActiveCfg = Debug|Any CPU
		{A3F9B268-159E-431C-B0C1-4B8EE3B3767B}.Debug|Any CPU.Build.0 = Debug|Any CPU
		{A3F9B268-159E-431C-B0C1-4B8EE3B3767B}.Release|Any CPU.ActiveCfg = Release|Any CPU
		{A3F9B268-159E-431C-B0C1-4B8EE3B3767B}.Release|Any CPU.Build.0 = Release|Any CPU
		{26BE2007-0AF4-436A-9945-11AB3CEA6F9C}.Debug|Any CPU.ActiveCfg = Debug|Any CPU
		{26BE2007-0AF4-436A-9945-11AB3CEA6F9C}.Debug|Any CPU.Build.0 = Debug|Any CPU
		{26BE2007-0AF4-436A-9945-11AB3CEA6F9C}.Release|Any CPU.ActiveCfg = Release|Any CPU
		{26BE2007-0AF4-436A-9945-11AB3CEA6F9C}.Release|Any CPU.Build.0 = Release|Any CPU
		{B35C6AB2-FC25-4F6A-BEAB-4E5180C47966}.Debug|Any CPU.ActiveCfg = Debug|Any CPU
		{B35C6AB2-FC25-4F6A-BEAB-4E5180C47966}.Debug|Any CPU.Build.0 = Debug|Any CPU
		{B35C6AB2-FC25-4F6A-BEAB-4E5180C47966}.Release|Any CPU.ActiveCfg = Release|Any CPU
		{B35C6AB2-FC25-4F6A-BEAB-4E5180C47966}.Release|Any CPU.Build.0 = Release|Any CPU
		{3EA8D42A-3B35-4046-BA48-08FEA1B7D7B1}.Debug|Any CPU.ActiveCfg = Debug|Any CPU
		{3EA8D42A-3B35-4046-BA48-08FEA1B7D7B1}.Debug|Any CPU.Build.0 = Debug|Any CPU
		{3EA8D42A-3B35-4046-BA48-08FEA1B7D7B1}.Release|Any CPU.ActiveCfg = Release|Any CPU
		{3EA8D42A-3B35-4046-BA48-08FEA1B7D7B1}.Release|Any CPU.Build.0 = Release|Any CPU
		{B66F5B08-A939-43E7-BA1A-8DC7E5E1CA2B}.Debug|Any CPU.ActiveCfg = Debug|Any CPU
		{B66F5B08-A939-43E7-BA1A-8DC7E5E1CA2B}.Debug|Any CPU.Build.0 = Debug|Any CPU
		{B66F5B08-A939-43E7-BA1A-8DC7E5E1CA2B}.Release|Any CPU.ActiveCfg = Release|Any CPU
		{B66F5B08-A939-43E7-BA1A-8DC7E5E1CA2B}.Release|Any CPU.Build.0 = Release|Any CPU
		{39FBF384-BAEE-4091-8CD9-2440C59BB33E}.Debug|Any CPU.ActiveCfg = Debug|Any CPU
		{39FBF384-BAEE-4091-8CD9-2440C59BB33E}.Debug|Any CPU.Build.0 = Debug|Any CPU
		{39FBF384-BAEE-4091-8CD9-2440C59BB33E}.Release|Any CPU.ActiveCfg = Release|Any CPU
		{39FBF384-BAEE-4091-8CD9-2440C59BB33E}.Release|Any CPU.Build.0 = Release|Any CPU
		{FC565175-2E26-471C-9305-6262A5BBCFBC}.Debug|Any CPU.ActiveCfg = Debug|Any CPU
		{FC565175-2E26-471C-9305-6262A5BBCFBC}.Debug|Any CPU.Build.0 = Debug|Any CPU
		{FC565175-2E26-471C-9305-6262A5BBCFBC}.Release|Any CPU.ActiveCfg = Release|Any CPU
		{FC565175-2E26-471C-9305-6262A5BBCFBC}.Release|Any CPU.Build.0 = Release|Any CPU
		{5CF7644C-58A5-4644-80B0-30C53FA72F1D}.Debug|Any CPU.ActiveCfg = Debug|Any CPU
		{5CF7644C-58A5-4644-80B0-30C53FA72F1D}.Debug|Any CPU.Build.0 = Debug|Any CPU
		{5CF7644C-58A5-4644-80B0-30C53FA72F1D}.Release|Any CPU.ActiveCfg = Release|Any CPU
		{5CF7644C-58A5-4644-80B0-30C53FA72F1D}.Release|Any CPU.Build.0 = Release|Any CPU
		{78368BA0-64B6-481A-9DFE-B8FFAF40CAA5}.Debug|Any CPU.ActiveCfg = Debug|Any CPU
		{78368BA0-64B6-481A-9DFE-B8FFAF40CAA5}.Debug|Any CPU.Build.0 = Debug|Any CPU
		{78368BA0-64B6-481A-9DFE-B8FFAF40CAA5}.Release|Any CPU.ActiveCfg = Release|Any CPU
		{78368BA0-64B6-481A-9DFE-B8FFAF40CAA5}.Release|Any CPU.Build.0 = Release|Any CPU
		{6DD9CF33-6A11-4613-8827-43630AA7539F}.Debug|Any CPU.ActiveCfg = Debug|Any CPU
		{6DD9CF33-6A11-4613-8827-43630AA7539F}.Debug|Any CPU.Build.0 = Debug|Any CPU
		{6DD9CF33-6A11-4613-8827-43630AA7539F}.Release|Any CPU.ActiveCfg = Release|Any CPU
		{6DD9CF33-6A11-4613-8827-43630AA7539F}.Release|Any CPU.Build.0 = Release|Any CPU
		{A6B80A7F-E8AA-4FC9-9D51-6A945D8548D2}.Debug|Any CPU.ActiveCfg = Debug|Any CPU
		{A6B80A7F-E8AA-4FC9-9D51-6A945D8548D2}.Debug|Any CPU.Build.0 = Debug|Any CPU
		{A6B80A7F-E8AA-4FC9-9D51-6A945D8548D2}.Release|Any CPU.ActiveCfg = Release|Any CPU
		{A6B80A7F-E8AA-4FC9-9D51-6A945D8548D2}.Release|Any CPU.Build.0 = Release|Any CPU
		{A99BABDA-0EC7-4E3B-8344-44A59C8BC5B6}.Debug|Any CPU.ActiveCfg = Debug|Any CPU
		{A99BABDA-0EC7-4E3B-8344-44A59C8BC5B6}.Debug|Any CPU.Build.0 = Debug|Any CPU
		{A99BABDA-0EC7-4E3B-8344-44A59C8BC5B6}.Release|Any CPU.ActiveCfg = Release|Any CPU
		{A99BABDA-0EC7-4E3B-8344-44A59C8BC5B6}.Release|Any CPU.Build.0 = Release|Any CPU
		{B4CEC5FE-F50C-4407-B0C4-A35FA95BAF33}.Debug|Any CPU.ActiveCfg = Debug|Any CPU
		{B4CEC5FE-F50C-4407-B0C4-A35FA95BAF33}.Debug|Any CPU.Build.0 = Debug|Any CPU
		{B4CEC5FE-F50C-4407-B0C4-A35FA95BAF33}.Release|Any CPU.ActiveCfg = Release|Any CPU
		{B4CEC5FE-F50C-4407-B0C4-A35FA95BAF33}.Release|Any CPU.Build.0 = Release|Any CPU
		{FDAB27FE-A9A3-4DF8-B7A4-C8A305850D7A}.Debug|Any CPU.ActiveCfg = Debug|Any CPU
		{FDAB27FE-A9A3-4DF8-B7A4-C8A305850D7A}.Debug|Any CPU.Build.0 = Debug|Any CPU
		{FDAB27FE-A9A3-4DF8-B7A4-C8A305850D7A}.Release|Any CPU.ActiveCfg = Release|Any CPU
		{FDAB27FE-A9A3-4DF8-B7A4-C8A305850D7A}.Release|Any CPU.Build.0 = Release|Any CPU
		{6D48E343-E70C-4A60-8459-1F26AA726384}.Debug|Any CPU.ActiveCfg = Debug|Any CPU
		{6D48E343-E70C-4A60-8459-1F26AA726384}.Debug|Any CPU.Build.0 = Debug|Any CPU
		{6D48E343-E70C-4A60-8459-1F26AA726384}.Release|Any CPU.ActiveCfg = Release|Any CPU
		{6D48E343-E70C-4A60-8459-1F26AA726384}.Release|Any CPU.Build.0 = Release|Any CPU
		{9B98BAFC-521F-4F04-BC58-A552BDA4B9A2}.Debug|Any CPU.ActiveCfg = Debug|Any CPU
		{9B98BAFC-521F-4F04-BC58-A552BDA4B9A2}.Debug|Any CPU.Build.0 = Debug|Any CPU
		{9B98BAFC-521F-4F04-BC58-A552BDA4B9A2}.Release|Any CPU.ActiveCfg = Release|Any CPU
		{9B98BAFC-521F-4F04-BC58-A552BDA4B9A2}.Release|Any CPU.Build.0 = Release|Any CPU
	EndGlobalSection
	GlobalSection(SolutionProperties) = preSolution
		HideSolutionNode = FALSE
	EndGlobalSection
	GlobalSection(NestedProjects) = preSolution
		{D10249D4-6338-449D-B3B6-309115555E63} = {671A6FC9-A518-49C6-AF73-D78CEE014CF1}
		{B511F724-4279-4464-A0B5-7BCB036B1274} = {D10249D4-6338-449D-B3B6-309115555E63}
		{BA421F9F-27CA-4026-A81E-A35B9D24064E} = {D10249D4-6338-449D-B3B6-309115555E63}
		{6BC43712-5903-47E9-9A0A-7EEE96D504CB} = {671A6FC9-A518-49C6-AF73-D78CEE014CF1}
		{4C8E9ED3-9086-44EF-ABC1-41E4D3C5914C} = {6BC43712-5903-47E9-9A0A-7EEE96D504CB}
		{278A7C5F-95C3-45B4-B1F0-BA99B7A9588B} = {54764FBE-F99C-4BFF-8EA1-350F80BE8854}
		{2D21F53E-42D2-4AF9-98DF-41B9609B1ED1} = {BDAD7014-83BA-43D5-9271-E1B3673B4E8B}
		{B858B676-EB00-462F-BA4B-D7536213110E} = {BDAD7014-83BA-43D5-9271-E1B3673B4E8B}
		{5F2B9F8A-24F8-4F1D-8F14-31E99BB96008} = {278A7C5F-95C3-45B4-B1F0-BA99B7A9588B}
		{C2615CCD-1EA5-4F12-903D-E4126DE3CEA8} = {6BC43712-5903-47E9-9A0A-7EEE96D504CB}
		{BDAD7014-83BA-43D5-9271-E1B3673B4E8B} = {671A6FC9-A518-49C6-AF73-D78CEE014CF1}
		{088B0183-8871-4502-9AAB-DAFD1827E517} = {671A6FC9-A518-49C6-AF73-D78CEE014CF1}
		{454BA287-26E1-4E6C-B045-0969FB2215EE} = {54764FBE-F99C-4BFF-8EA1-350F80BE8854}
		{97979092-592B-465C-8327-80E09B091BC4} = {088B0183-8871-4502-9AAB-DAFD1827E517}
		{DB6F1627-7B53-4041-B750-17126F8829C6} = {088B0183-8871-4502-9AAB-DAFD1827E517}
		{60F514B4-FBB3-48FF-AD27-A65171E67C72} = {088B0183-8871-4502-9AAB-DAFD1827E517}
		{A3F9B268-159E-431C-B0C1-4B8EE3B3767B} = {454BA287-26E1-4E6C-B045-0969FB2215EE}
		{26BE2007-0AF4-436A-9945-11AB3CEA6F9C} = {454BA287-26E1-4E6C-B045-0969FB2215EE}
		{0EAC19A7-9C17-41B8-BE3F-F0EE541BD013} = {54764FBE-F99C-4BFF-8EA1-350F80BE8854}
		{B35C6AB2-FC25-4F6A-BEAB-4E5180C47966} = {0EAC19A7-9C17-41B8-BE3F-F0EE541BD013}
		{799A852D-99A6-4D63-8543-29CBF0E9E076} = {671A6FC9-A518-49C6-AF73-D78CEE014CF1}
		{65B10604-82E9-4366-A844-113F08EE0C9E} = {54764FBE-F99C-4BFF-8EA1-350F80BE8854}
		{3EA8D42A-3B35-4046-BA48-08FEA1B7D7B1} = {799A852D-99A6-4D63-8543-29CBF0E9E076}
		{B66F5B08-A939-43E7-BA1A-8DC7E5E1CA2B} = {65B10604-82E9-4366-A844-113F08EE0C9E}
		{DA79512A-1445-441D-8FA0-BF6776A25831} = {671A6FC9-A518-49C6-AF73-D78CEE014CF1}
		{1F859F97-13E9-4E8B-878C-5E4A6D6D26B3} = {54764FBE-F99C-4BFF-8EA1-350F80BE8854}
		{39FBF384-BAEE-4091-8CD9-2440C59BB33E} = {DA79512A-1445-441D-8FA0-BF6776A25831}
		{FC565175-2E26-471C-9305-6262A5BBCFBC} = {DA79512A-1445-441D-8FA0-BF6776A25831}
		{5CF7644C-58A5-4644-80B0-30C53FA72F1D} = {1F859F97-13E9-4E8B-878C-5E4A6D6D26B3}
		{78368BA0-64B6-481A-9DFE-B8FFAF40CAA5} = {1F859F97-13E9-4E8B-878C-5E4A6D6D26B3}
		{5D23B560-DDF0-43A3-99EA-73A0C4B908A9} = {671A6FC9-A518-49C6-AF73-D78CEE014CF1}
		{5843979F-0377-4AFD-8496-874CF4BFF91F} = {54764FBE-F99C-4BFF-8EA1-350F80BE8854}
		{5B063093-0B0B-4374-A09B-6A756854AA1C} = {54764FBE-F99C-4BFF-8EA1-350F80BE8854}
		{6DD9CF33-6A11-4613-8827-43630AA7539F} = {5B063093-0B0B-4374-A09B-6A756854AA1C}
		{84AAAED4-0322-484C-B10C-56483F591271} = {671A6FC9-A518-49C6-AF73-D78CEE014CF1}
		{A6B80A7F-E8AA-4FC9-9D51-6A945D8548D2} = {84AAAED4-0322-484C-B10C-56483F591271}
		{A99BABDA-0EC7-4E3B-8344-44A59C8BC5B6} = {5D23B560-DDF0-43A3-99EA-73A0C4B908A9}
		{B4CEC5FE-F50C-4407-B0C4-A35FA95BAF33} = {5843979F-0377-4AFD-8496-874CF4BFF91F}
		{F71076B6-559F-4D83-9E9D-CC5608E01E5B} = {671A6FC9-A518-49C6-AF73-D78CEE014CF1}
		{DB10F5EC-197C-465E-A7F8-31110EEFA479} = {54764FBE-F99C-4BFF-8EA1-350F80BE8854}
		{FDAB27FE-A9A3-4DF8-B7A4-C8A305850D7A} = {F71076B6-559F-4D83-9E9D-CC5608E01E5B}
		{6D48E343-E70C-4A60-8459-1F26AA726384} = {DB10F5EC-197C-465E-A7F8-31110EEFA479}
		{9B98BAFC-521F-4F04-BC58-A552BDA4B9A2} = {F71076B6-559F-4D83-9E9D-CC5608E01E5B}
	EndGlobalSection
	GlobalSection(ExtensibilityGlobals) = postSolution
		SolutionGuid = {4FF7939D-29E6-4F9E-9159-72A94022FC53}
	EndGlobalSection
EndGlobal
